
Microsoft Visual Studio Solution File, Format Version 12.00
# Visual Studio 15
VisualStudioVersion = 15.0.26430.13
MinimumVisualStudioVersion = 10.0.40219.1
Project("{FAE04EC0-301F-11D3-BF4B-00C04F79EFBC}") = "RepositoryBase", "RepositoryBase\RepositoryBase.csproj", "{D94BDEF9-50DC-46CF-9241-7CD41E229F56}"
EndProject
Project("{2150E333-8FDC-42A3-9474-1A3956D46DE8}") = "Repositories", "Repositories", "{802BDB91-E387-4229-B3FA-C04B43ED3306}"
EndProject
Project("{2150E333-8FDC-42A3-9474-1A3956D46DE8}") = "Entitties", "Entitties", "{68EF3E24-7A23-4C02-BA82-248015714A12}"
EndProject
Project("{FAE04EC0-301F-11D3-BF4B-00C04F79EFBC}") = "Entities", "Entities\Entities.csproj", "{56BD5567-F765-4B34-92A3-52BCB4183CC3}"
EndProject
Project("{FAE04EC0-301F-11D3-BF4B-00C04F79EFBC}") = "EF6_Repository", "EF6_Repository\EF6_Repository.csproj", "{F2110F87-4E9D-405A-8306-441BF942AE06}"
EndProject
Project("{FAE04EC0-301F-11D3-BF4B-00C04F79EFBC}") = "EFCore_Repository", "EFCore_Repository\EFCore_Repository.csproj", "{145664AD-4A24-49F0-9AF2-07933D4D28F8}"
EndProject
Global
	GlobalSection(SolutionConfigurationPlatforms) = preSolution
		Debug|Any CPU = Debug|Any CPU
		Release|Any CPU = Release|Any CPU
	EndGlobalSection
	GlobalSection(ProjectConfigurationPlatforms) = postSolution
		{D94BDEF9-50DC-46CF-9241-7CD41E229F56}.Debug|Any CPU.ActiveCfg = Debug|Any CPU
		{D94BDEF9-50DC-46CF-9241-7CD41E229F56}.Debug|Any CPU.Build.0 = Debug|Any CPU
		{D94BDEF9-50DC-46CF-9241-7CD41E229F56}.Release|Any CPU.ActiveCfg = Release|Any CPU
		{D94BDEF9-50DC-46CF-9241-7CD41E229F56}.Release|Any CPU.Build.0 = Release|Any CPU
		{56BD5567-F765-4B34-92A3-52BCB4183CC3}.Debug|Any CPU.ActiveCfg = Debug|Any CPU
		{56BD5567-F765-4B34-92A3-52BCB4183CC3}.Debug|Any CPU.Build.0 = Debug|Any CPU
		{56BD5567-F765-4B34-92A3-52BCB4183CC3}.Release|Any CPU.ActiveCfg = Release|Any CPU
		{56BD5567-F765-4B34-92A3-52BCB4183CC3}.Release|Any CPU.Build.0 = Release|Any CPU
		{F2110F87-4E9D-405A-8306-441BF942AE06}.Debug|Any CPU.ActiveCfg = Debug|Any CPU
		{F2110F87-4E9D-405A-8306-441BF942AE06}.Debug|Any CPU.Build.0 = Debug|Any CPU
		{F2110F87-4E9D-405A-8306-441BF942AE06}.Release|Any CPU.ActiveCfg = Release|Any CPU
		{F2110F87-4E9D-405A-8306-441BF942AE06}.Release|Any CPU.Build.0 = Release|Any CPU
		{145664AD-4A24-49F0-9AF2-07933D4D28F8}.Debug|Any CPU.ActiveCfg = Debug|Any CPU
		{145664AD-4A24-49F0-9AF2-07933D4D28F8}.Debug|Any CPU.Build.0 = Debug|Any CPU
		{145664AD-4A24-49F0-9AF2-07933D4D28F8}.Release|Any CPU.ActiveCfg = Release|Any CPU
		{145664AD-4A24-49F0-9AF2-07933D4D28F8}.Release|Any CPU.Build.0 = Release|Any CPU
	EndGlobalSection
	GlobalSection(SolutionProperties) = preSolution
		HideSolutionNode = FALSE
	EndGlobalSection
	GlobalSection(NestedProjects) = preSolution
		{D94BDEF9-50DC-46CF-9241-7CD41E229F56} = {802BDB91-E387-4229-B3FA-C04B43ED3306}
		{56BD5567-F765-4B34-92A3-52BCB4183CC3} = {68EF3E24-7A23-4C02-BA82-248015714A12}
		{F2110F87-4E9D-405A-8306-441BF942AE06} = {802BDB91-E387-4229-B3FA-C04B43ED3306}
		{145664AD-4A24-49F0-9AF2-07933D4D28F8} = {802BDB91-E387-4229-B3FA-C04B43ED3306}
	EndGlobalSection
EndGlobal
